
Microsoft Visual Studio Solution File, Format Version 12.00
# Visual Studio Version 17
VisualStudioVersion = 17.7.34009.444
MinimumVisualStudioVersion = 10.0.40219.1
Project("{9A19103F-16F7-4668-BE54-9A1E7A4F7556}") = "CalendarApp", "CalendarApp\CalendarApp.csproj", "{C22418DC-7277-4089-B7DD-8D163587825D}"
EndProject
Project("{9A19103F-16F7-4668-BE54-9A1E7A4F7556}") = "CalendarTesting", "CalendarTesting\CalendarTesting.csproj", "{7D6A4613-550F-44B0-A7B1-857B382DDA04}"
EndProject
Project("{FAE04EC0-301F-11D3-BF4B-00C04F79EFBC}") = "HomeCalendarWPF", "HomeCalendarWPF\HomeCalendarWPF.csproj", "{69D3D650-A383-4A91-AB27-B282C0F0D6E6}"
EndProject
Global
	GlobalSection(SolutionConfigurationPlatforms) = preSolution
		Debug|Any CPU = Debug|Any CPU
		Release|Any CPU = Release|Any CPU
	EndGlobalSection
	GlobalSection(ProjectConfigurationPlatforms) = postSolution
		{C22418DC-7277-4089-B7DD-8D163587825D}.Debug|Any CPU.ActiveCfg = Debug|Any CPU
		{C22418DC-7277-4089-B7DD-8D163587825D}.Debug|Any CPU.Build.0 = Debug|Any CPU
		{C22418DC-7277-4089-B7DD-8D163587825D}.Release|Any CPU.ActiveCfg = Release|Any CPU
		{C22418DC-7277-4089-B7DD-8D163587825D}.Release|Any CPU.Build.0 = Release|Any CPU
		{7D6A4613-550F-44B0-A7B1-857B382DDA04}.Debug|Any CPU.ActiveCfg = Debug|Any CPU
		{7D6A4613-550F-44B0-A7B1-857B382DDA04}.Debug|Any CPU.Build.0 = Debug|Any CPU
		{7D6A4613-550F-44B0-A7B1-857B382DDA04}.Release|Any CPU.ActiveCfg = Release|Any CPU
		{7D6A4613-550F-44B0-A7B1-857B382DDA04}.Release|Any CPU.Build.0 = Release|Any CPU
		{69D3D650-A383-4A91-AB27-B282C0F0D6E6}.Debug|Any CPU.ActiveCfg = Debug|Any CPU
		{69D3D650-A383-4A91-AB27-B282C0F0D6E6}.Debug|Any CPU.Build.0 = Debug|Any CPU
		{69D3D650-A383-4A91-AB27-B282C0F0D6E6}.Release|Any CPU.ActiveCfg = Release|Any CPU
		{69D3D650-A383-4A91-AB27-B282C0F0D6E6}.Release|Any CPU.Build.0 = Release|Any CPU
	EndGlobalSection
	GlobalSection(SolutionProperties) = preSolution
		HideSolutionNode = FALSE
	EndGlobalSection
	GlobalSection(ExtensibilityGlobals) = postSolution
		SolutionGuid = {A89A73BC-52AE-4F16-A34F-0F3F0DA93A54}
	EndGlobalSection
EndGlobal
